{
  "version": 4,
  "terraform_version": "1.9.8",
  "serial": 13,
  "lineage": "ecff4a97-6157-8246-854d-bb82cb91ab36",
  "outputs": {
    "vm_hostnames": {
      "value": [
        "web-0.ru-central1.internal",
        "web-1.ru-central1.internal"
      ],
      "type": [
        "tuple",
        [
          "string",
          "string"
        ]
      ]
    }
  },
  "resources": [
    {
      "mode": "managed",
      "type": "yandex_compute_instance",
      "name": "vm",
      "provider": "provider[\"registry.terraform.io/yandex-cloud/yandex\"]",
      "instances": [
        {
          "index_key": 0,
          "schema_version": 1,
          "attributes": {
            "allow_recreate": null,
            "allow_stopping_for_update": null,
            "boot_disk": [
              {
                "auto_delete": true,
                "device_name": "fhmlmfgm2800k5e82gut",
                "disk_id": "fhmlmfgm2800k5e82gut",
                "initialize_params": [
                  {
                    "block_size": 4096,
                    "description": "",
                    "image_id": "fd8p4jt9v2pfq4ol9jqh",
                    "name": "",
                    "size": 10,
                    "snapshot_id": "",
                    "type": "network-hdd"
                  }
                ],
                "mode": "READ_WRITE"
              }
            ],
            "created_at": "2024-10-30T07:16:50Z",
            "description": "",
            "filesystem": [],
            "folder_id": "b1g20n2a25ll9euuqqf8",
            "fqdn": "web-0.ru-central1.internal",
            "gpu_cluster_id": "",
            "hardware_generation": [
              {
                "generation2_features": [],
                "legacy_features": [
                  {
                    "pci_topology": "PCI_TOPOLOGY_V1"
                  }
                ]
              }
            ],
            "hostname": "web-0",
            "id": "fhmptndjse6947g7vgh6",
            "labels": null,
            "local_disk": [],
            "maintenance_grace_period": "",
            "maintenance_policy": null,
            "metadata": {
              "ssh-keys": "user:ssh-ed25519 AAAAC3NzaC1lZDI1NTE5AAAAIPfXxhMX2EGMXg7w9w8kWpinZNI894+hOatdIH4VY8ad mykey\n"
            },
            "metadata_options": [
              {
                "aws_v1_http_endpoint": 1,
                "aws_v1_http_token": 2,
                "gce_http_endpoint": 1,
                "gce_http_token": 1
              }
            ],
            "name": "web-0",
            "network_acceleration_type": "standard",
            "network_interface": [
              {
                "dns_record": [],
                "index": 0,
                "ip_address": "10.0.0.8",
                "ipv4": true,
                "ipv6": false,
                "ipv6_address": "",
                "ipv6_dns_record": [],
                "mac_address": "d0:0d:19:ed:db:3e",
                "nat": true,
                "nat_dns_record": [],
                "nat_ip_address": "89.169.140.41",
                "nat_ip_version": "IPV4",
                "security_group_ids": [],
                "subnet_id": "e9boqa66gg3c750eofsp"
              }
            ],
            "placement_policy": [
              {
                "host_affinity_rules": [],
                "placement_group_id": "",
                "placement_group_partition": 0
              }
            ],
            "platform_id": "standard-v1",
            "resources": [
              {
                "core_fraction": 20,
                "cores": 2,
                "gpus": 0,
                "memory": 2
              }
            ],
            "scheduling_policy": [
              {
                "preemptible": true
              }
            ],
            "secondary_disk": [],
            "service_account_id": "",
            "status": "running",
            "timeouts": null,
            "zone": "ru-central1-a"
          },
          "sensitive_attributes": [],
          "private": "eyJlMmJmYjczMC1lY2FhLTExZTYtOGY4OC0zNDM2M2JjN2M0YzAiOnsiY3JlYXRlIjozMDAwMDAwMDAwMDAsImRlbGV0ZSI6MzAwMDAwMDAwMDAwLCJ1cGRhdGUiOjMwMDAwMDAwMDAwMH0sInNjaGVtYV92ZXJzaW9uIjoiMSJ9",
          "dependencies": [
            "yandex_vpc_network.network",
            "yandex_vpc_subnet.subnet"
          ]
        },
        {
          "index_key": 1,
          "schema_version": 1,
          "attributes": {
            "allow_recreate": null,
            "allow_stopping_for_update": null,
            "boot_disk": [
              {
                "auto_delete": true,
                "device_name": "fhmpark1uoj8ahdcomii",
                "disk_id": "fhmpark1uoj8ahdcomii",
                "initialize_params": [
                  {
                    "block_size": 4096,
                    "description": "",
                    "image_id": "fd8p4jt9v2pfq4ol9jqh",
                    "name": "",
                    "size": 10,
                    "snapshot_id": "",
                    "type": "network-hdd"
                  }
                ],
                "mode": "READ_WRITE"
              }
            ],
            "created_at": "2024-10-30T07:16:50Z",
            "description": "",
            "filesystem": [],
            "folder_id": "b1g20n2a25ll9euuqqf8",
            "fqdn": "web-1.ru-central1.internal",
            "gpu_cluster_id": "",
            "hardware_generation": [
              {
                "generation2_features": [],
                "legacy_features": [
                  {
                    "pci_topology": "PCI_TOPOLOGY_V1"
                  }
                ]
              }
            ],
            "hostname": "web-1",
            "id": "fhm7se2nfia578v1905r",
            "labels": null,
            "local_disk": [],
            "maintenance_grace_period": "",
            "maintenance_policy": null,
            "metadata": {
              "ssh-keys": "user:ssh-ed25519 AAAAC3NzaC1lZDI1NTE5AAAAIPfXxhMX2EGMXg7w9w8kWpinZNI894+hOatdIH4VY8ad mykey\n"
            },
            "metadata_options": [
              {
                "aws_v1_http_endpoint": 1,
                "aws_v1_http_token": 2,
                "gce_http_endpoint": 1,
                "gce_http_token": 1
              }
            ],
            "name": "web-1",
            "network_acceleration_type": "standard",
            "network_interface": [
              {
                "dns_record": [],
                "index": 0,
                "ip_address": "10.0.0.26",
                "ipv4": true,
                "ipv6": false,
                "ipv6_address": "",
                "ipv6_dns_record": [],
                "mac_address": "d0:0d:7e:38:57:7c",
                "nat": true,
                "nat_dns_record": [],
                "nat_ip_address": "89.169.129.251",
                "nat_ip_version": "IPV4",
                "security_group_ids": [],
                "subnet_id": "e9boqa66gg3c750eofsp"
              }
            ],
            "placement_policy": [
              {
                "host_affinity_rules": [],
                "placement_group_id": "",
                "placement_group_partition": 0
              }
            ],
            "platform_id": "standard-v1",
            "resources": [
              {
                "core_fraction": 20,
                "cores": 2,
                "gpus": 0,
                "memory": 2
              }
            ],
            "scheduling_policy": [
              {
                "preemptible": true
              }
            ],
            "secondary_disk": [],
            "service_account_id": "",
            "status": "running",
            "timeouts": null,
            "zone": "ru-central1-a"
          },
          "sensitive_attributes": [],
          "private": "eyJlMmJmYjczMC1lY2FhLTExZTYtOGY4OC0zNDM2M2JjN2M0YzAiOnsiY3JlYXRlIjozMDAwMDAwMDAwMDAsImRlbGV0ZSI6MzAwMDAwMDAwMDAwLCJ1cGRhdGUiOjMwMDAwMDAwMDAwMH0sInNjaGVtYV92ZXJzaW9uIjoiMSJ9",
          "dependencies": [
            "yandex_vpc_network.network",
            "yandex_vpc_subnet.subnet"
          ]
        }
      ]
    },
    {
      "mode": "managed",
      "type": "yandex_vpc_network",
      "name": "network",
      "provider": "provider[\"registry.terraform.io/yandex-cloud/yandex\"]",
      "instances": [
        {
          "schema_version": 0,
          "attributes": {
            "created_at": "2024-10-30T03:11:37Z",
            "default_security_group_id": "enpjl2rpbl9cgsn80i80",
            "description": "",
            "folder_id": "b1g20n2a25ll9euuqqf8",
            "id": "enpqu1h1lufv3a1ilmmq",
            "labels": {},
            "name": "web-network",
            "subnet_ids": [
              "e9boqa66gg3c750eofsp"
            ],
            "timeouts": null
          },
          "sensitive_attributes": [],
          "private": "eyJlMmJmYjczMC1lY2FhLTExZTYtOGY4OC0zNDM2M2JjN2M0YzAiOnsiY3JlYXRlIjo2MDAwMDAwMDAwMCwiZGVsZXRlIjo2MDAwMDAwMDAwMCwidXBkYXRlIjo2MDAwMDAwMDAwMH19"
        }
      ]
    },
    {
      "mode": "managed",
      "type": "yandex_vpc_subnet",
      "name": "subnet",
      "provider": "provider[\"registry.terraform.io/yandex-cloud/yandex\"]",
      "instances": [
        {
          "schema_version": 0,
          "attributes": {
            "created_at": "2024-10-30T03:11:39Z",
            "description": "",
            "dhcp_options": [],
            "folder_id": "b1g20n2a25ll9euuqqf8",
            "id": "e9boqa66gg3c750eofsp",
            "labels": {},
            "name": "web-subnet",
            "network_id": "enpqu1h1lufv3a1ilmmq",
            "route_table_id": "",
            "timeouts": null,
            "v4_cidr_blocks": [
              "10.0.0.0/24"
            ],
            "v6_cidr_blocks": [],
            "zone": "ru-central1-a"
          },
          "sensitive_attributes": [],
          "private": "eyJlMmJmYjczMC1lY2FhLTExZTYtOGY4OC0zNDM2M2JjN2M0YzAiOnsiY3JlYXRlIjoxODAwMDAwMDAwMDAsImRlbGV0ZSI6MTgwMDAwMDAwMDAwLCJ1cGRhdGUiOjE4MDAwMDAwMDAwMH19",
          "dependencies": [
            "yandex_vpc_network.network"
          ]
        }
      ]
    }
  ],
  "check_results": null
}
